
Microsoft Visual Studio Solution File, Format Version 12.00
# Visual Studio 15
VisualStudioVersion = 15.0.28307.757
MinimumVisualStudioVersion = 10.0.40219.1
Project("{8BC9CEB8-8B4A-11D0-8D11-00A0C91BC942}") = "LxW", "LxW\LxW.vcxproj", "{1F3D0C1B-71FB-4F3C-85A8-63E6052CBA31}"
EndProject
Project("{8BC9CEB8-8B4A-11D0-8D11-00A0C91BC942}") = "DNS", "DNS\DNS.vcxproj", "{28DED5E4-F729-4583-A1AB-ADC20055BE51}"
EndProject
Global
	GlobalSection(SolutionConfigurationPlatforms) = preSolution
		Debug|x64 = Debug|x64
		Debug|x86 = Debug|x86
		Release|x64 = Release|x64
		Release|x86 = Release|x86
	EndGlobalSection
	GlobalSection(ProjectConfigurationPlatforms) = postSolution
		{1F3D0C1B-71FB-4F3C-85A8-63E6052CBA31}.Debug|x64.ActiveCfg = Debug|x64
		{1F3D0C1B-71FB-4F3C-85A8-63E6052CBA31}.Debug|x64.Build.0 = Debug|x64
		{1F3D0C1B-71FB-4F3C-85A8-63E6052CBA31}.Debug|x86.ActiveCfg = Debug|Win32
		{1F3D0C1B-71FB-4F3C-85A8-63E6052CBA31}.Debug|x86.Build.0 = Debug|Win32
		{1F3D0C1B-71FB-4F3C-85A8-63E6052CBA31}.Release|x64.ActiveCfg = Release|x64
		{1F3D0C1B-71FB-4F3C-85A8-63E6052CBA31}.Release|x64.Build.0 = Release|x64
		{1F3D0C1B-71FB-4F3C-85A8-63E6052CBA31}.Release|x86.ActiveCfg = Release|Win32
		{1F3D0C1B-71FB-4F3C-85A8-63E6052CBA31}.Release|x86.Build.0 = Release|Win32
		{28DED5E4-F729-4583-A1AB-ADC20055BE51}.Debug|x64.ActiveCfg = Debug|x64
		{28DED5E4-F729-4583-A1AB-ADC20055BE51}.Debug|x64.Build.0 = Debug|x64
		{28DED5E4-F729-4583-A1AB-ADC20055BE51}.Debug|x86.ActiveCfg = Debug|Win32
		{28DED5E4-F729-4583-A1AB-ADC20055BE51}.Debug|x86.Build.0 = Debug|Win32
		{28DED5E4-F729-4583-A1AB-ADC20055BE51}.Release|x64.ActiveCfg = Release|x64
		{28DED5E4-F729-4583-A1AB-ADC20055BE51}.Release|x64.Build.0 = Release|x64
		{28DED5E4-F729-4583-A1AB-ADC20055BE51}.Release|x86.ActiveCfg = Release|Win32
		{28DED5E4-F729-4583-A1AB-ADC20055BE51}.Release|x86.Build.0 = Release|Win32
	EndGlobalSection
	GlobalSection(SolutionProperties) = preSolution
		HideSolutionNode = FALSE
	EndGlobalSection
	GlobalSection(ExtensibilityGlobals) = postSolution
		SolutionGuid = {7207186D-7952-4D53-8DE1-3885DAEF9584}
	EndGlobalSection
EndGlobal
